
Microsoft Visual Studio Solution File, Format Version 12.00
# Visual Studio Version 16
VisualStudioVersion = 16.0.32602.291
MinimumVisualStudioVersion = 10.0.40219.1
Project("{FAE04EC0-301F-11D3-BF4B-00C04F79EFBC}") = "MuizClient", "MuizClient\MuizClient.csproj", "{DAC78EDA-3B61-492C-AC73-4006B43CF836}"
EndProject
Project("{FAE04EC0-301F-11D3-BF4B-00C04F79EFBC}") = "DataAccessLayer", "DataAccessLayer\DataAccessLayer.csproj", "{49F71201-7CD5-4398-B397-2D779B136DCC}"
EndProject
Project("{FAE04EC0-301F-11D3-BF4B-00C04F79EFBC}") = "Entities", "Entities\Entities.csproj", "{31DF6DAE-79FB-4D9F-AC6E-237F80E552C5}"
EndProject
Project("{FAE04EC0-301F-11D3-BF4B-00C04F79EFBC}") = "ConsoleClient", "ConsoleClient\ConsoleClient.csproj", "{52BB2CE9-F0C5-42C9-8C2D-FCFC782301C5}"
EndProject
Project("{FAE04EC0-301F-11D3-BF4B-00C04F79EFBC}") = "TestExceptionsClient", "TestExceptionsClient\TestExceptionsClient.csproj", "{EBC903FB-BFB5-467F-A240-7488E91DEAFA}"
EndProject
Project("{2150E333-8FDC-42A3-9474-1A3956D46DE8}") = "DXClient", "DXClient", "{A05D8843-8187-4F6D-8FD7-7F9FFBCB9FB1}"
EndProject
Project("{FAE04EC0-301F-11D3-BF4B-00C04F79EFBC}") = "DXClient.Main", "DXClient\DXClient.Main\DXClient.Main.csproj", "{9CBAFC1B-EB24-4B18-8926-083B38E17EB3}"
EndProject
Project("{FAE04EC0-301F-11D3-BF4B-00C04F79EFBC}") = "DXClient.Common", "DXClient\DXClient.Common\DXClient.Common.csproj", "{BD32CFBF-042D-4632-BFC0-7A8ABCBF97A4}"
EndProject
Project("{FAE04EC0-301F-11D3-BF4B-00C04F79EFBC}") = "DXClient.Modules", "DXClient\DXClient.Modules\DXClient.Modules.csproj", "{760D7164-0EDC-4841-BFE6-BCDBBB8C79A4}"
EndProject
Project("{FAE04EC0-301F-11D3-BF4B-00C04F79EFBC}") = "DXClient.Tests", "DXClient\DXClient.Tests\DXClient.Tests.csproj", "{6604F4E1-A737-498E-804B-6AD30FF08EB4}"
EndProject
Global
	GlobalSection(SolutionConfigurationPlatforms) = preSolution
		Debug|Any CPU = Debug|Any CPU
		DebugLocalSql|Any CPU = DebugLocalSql|Any CPU
		DebugLocalWin|Any CPU = DebugLocalWin|Any CPU
		DebugServSql|Any CPU = DebugServSql|Any CPU
		DebugServWin|Any CPU = DebugServWin|Any CPU
		Release|Any CPU = Release|Any CPU
	EndGlobalSection
	GlobalSection(ProjectConfigurationPlatforms) = postSolution
		{DAC78EDA-3B61-492C-AC73-4006B43CF836}.Debug|Any CPU.ActiveCfg = Debug|Any CPU
		{DAC78EDA-3B61-492C-AC73-4006B43CF836}.Debug|Any CPU.Build.0 = Debug|Any CPU
		{DAC78EDA-3B61-492C-AC73-4006B43CF836}.DebugLocalSql|Any CPU.ActiveCfg = Debug|Any CPU
		{DAC78EDA-3B61-492C-AC73-4006B43CF836}.DebugLocalSql|Any CPU.Build.0 = Debug|Any CPU
		{DAC78EDA-3B61-492C-AC73-4006B43CF836}.DebugLocalWin|Any CPU.ActiveCfg = Debug|Any CPU
		{DAC78EDA-3B61-492C-AC73-4006B43CF836}.DebugLocalWin|Any CPU.Build.0 = Debug|Any CPU
		{DAC78EDA-3B61-492C-AC73-4006B43CF836}.DebugServSql|Any CPU.ActiveCfg = Debug|Any CPU
		{DAC78EDA-3B61-492C-AC73-4006B43CF836}.DebugServSql|Any CPU.Build.0 = Debug|Any CPU
		{DAC78EDA-3B61-492C-AC73-4006B43CF836}.DebugServWin|Any CPU.ActiveCfg = Debug|Any CPU
		{DAC78EDA-3B61-492C-AC73-4006B43CF836}.DebugServWin|Any CPU.Build.0 = Debug|Any CPU
		{DAC78EDA-3B61-492C-AC73-4006B43CF836}.Release|Any CPU.ActiveCfg = Release|Any CPU
		{DAC78EDA-3B61-492C-AC73-4006B43CF836}.Release|Any CPU.Build.0 = Release|Any CPU
		{49F71201-7CD5-4398-B397-2D779B136DCC}.Debug|Any CPU.ActiveCfg = Debug|Any CPU
		{49F71201-7CD5-4398-B397-2D779B136DCC}.Debug|Any CPU.Build.0 = Debug|Any CPU
		{49F71201-7CD5-4398-B397-2D779B136DCC}.DebugLocalSql|Any CPU.ActiveCfg = Debug|Any CPU
		{49F71201-7CD5-4398-B397-2D779B136DCC}.DebugLocalSql|Any CPU.Build.0 = Debug|Any CPU
		{49F71201-7CD5-4398-B397-2D779B136DCC}.DebugLocalWin|Any CPU.ActiveCfg = Debug|Any CPU
		{49F71201-7CD5-4398-B397-2D779B136DCC}.DebugLocalWin|Any CPU.Build.0 = Debug|Any CPU
		{49F71201-7CD5-4398-B397-2D779B136DCC}.DebugServSql|Any CPU.ActiveCfg = Debug|Any CPU
		{49F71201-7CD5-4398-B397-2D779B136DCC}.DebugServSql|Any CPU.Build.0 = Debug|Any CPU
		{49F71201-7CD5-4398-B397-2D779B136DCC}.DebugServWin|Any CPU.ActiveCfg = Debug|Any CPU
		{49F71201-7CD5-4398-B397-2D779B136DCC}.DebugServWin|Any CPU.Build.0 = Debug|Any CPU
		{49F71201-7CD5-4398-B397-2D779B136DCC}.Release|Any CPU.ActiveCfg = Release|Any CPU
		{49F71201-7CD5-4398-B397-2D779B136DCC}.Release|Any CPU.Build.0 = Release|Any CPU
		{31DF6DAE-79FB-4D9F-AC6E-237F80E552C5}.Debug|Any CPU.ActiveCfg = Debug|Any CPU
		{31DF6DAE-79FB-4D9F-AC6E-237F80E552C5}.Debug|Any CPU.Build.0 = Debug|Any CPU
		{31DF6DAE-79FB-4D9F-AC6E-237F80E552C5}.DebugLocalSql|Any CPU.ActiveCfg = Debug|Any CPU
		{31DF6DAE-79FB-4D9F-AC6E-237F80E552C5}.DebugLocalSql|Any CPU.Build.0 = Debug|Any CPU
		{31DF6DAE-79FB-4D9F-AC6E-237F80E552C5}.DebugLocalWin|Any CPU.ActiveCfg = Debug|Any CPU
		{31DF6DAE-79FB-4D9F-AC6E-237F80E552C5}.DebugLocalWin|Any CPU.Build.0 = Debug|Any CPU
		{31DF6DAE-79FB-4D9F-AC6E-237F80E552C5}.DebugServSql|Any CPU.ActiveCfg = Debug|Any CPU
		{31DF6DAE-79FB-4D9F-AC6E-237F80E552C5}.DebugServSql|Any CPU.Build.0 = Debug|Any CPU
		{31DF6DAE-79FB-4D9F-AC6E-237F80E552C5}.DebugServWin|Any CPU.ActiveCfg = Debug|Any CPU
		{31DF6DAE-79FB-4D9F-AC6E-237F80E552C5}.DebugServWin|Any CPU.Build.0 = Debug|Any CPU
		{31DF6DAE-79FB-4D9F-AC6E-237F80E552C5}.Release|Any CPU.ActiveCfg = Release|Any CPU
		{31DF6DAE-79FB-4D9F-AC6E-237F80E552C5}.Release|Any CPU.Build.0 = Release|Any CPU
		{52BB2CE9-F0C5-42C9-8C2D-FCFC782301C5}.Debug|Any CPU.ActiveCfg = DebugServWin|Any CPU
		{52BB2CE9-F0C5-42C9-8C2D-FCFC782301C5}.Debug|Any CPU.Build.0 = DebugServWin|Any CPU
		{52BB2CE9-F0C5-42C9-8C2D-FCFC782301C5}.DebugLocalSql|Any CPU.ActiveCfg = DebugLocalSql|Any CPU
		{52BB2CE9-F0C5-42C9-8C2D-FCFC782301C5}.DebugLocalSql|Any CPU.Build.0 = DebugLocalSql|Any CPU
		{52BB2CE9-F0C5-42C9-8C2D-FCFC782301C5}.DebugLocalWin|Any CPU.ActiveCfg = DebugLocalWin|Any CPU
		{52BB2CE9-F0C5-42C9-8C2D-FCFC782301C5}.DebugLocalWin|Any CPU.Build.0 = DebugLocalWin|Any CPU
		{52BB2CE9-F0C5-42C9-8C2D-FCFC782301C5}.DebugServSql|Any CPU.ActiveCfg = DebugServSql|Any CPU
		{52BB2CE9-F0C5-42C9-8C2D-FCFC782301C5}.DebugServSql|Any CPU.Build.0 = DebugServSql|Any CPU
		{52BB2CE9-F0C5-42C9-8C2D-FCFC782301C5}.DebugServWin|Any CPU.ActiveCfg = DebugServWin|Any CPU
		{52BB2CE9-F0C5-42C9-8C2D-FCFC782301C5}.DebugServWin|Any CPU.Build.0 = DebugServWin|Any CPU
		{52BB2CE9-F0C5-42C9-8C2D-FCFC782301C5}.Release|Any CPU.ActiveCfg = Release|Any CPU
		{52BB2CE9-F0C5-42C9-8C2D-FCFC782301C5}.Release|Any CPU.Build.0 = Release|Any CPU
		{EBC903FB-BFB5-467F-A240-7488E91DEAFA}.Debug|Any CPU.ActiveCfg = Debug|Any CPU
		{EBC903FB-BFB5-467F-A240-7488E91DEAFA}.Debug|Any CPU.Build.0 = Debug|Any CPU
		{EBC903FB-BFB5-467F-A240-7488E91DEAFA}.DebugLocalSql|Any CPU.ActiveCfg = Debug|Any CPU
		{EBC903FB-BFB5-467F-A240-7488E91DEAFA}.DebugLocalSql|Any CPU.Build.0 = Debug|Any CPU
		{EBC903FB-BFB5-467F-A240-7488E91DEAFA}.DebugLocalWin|Any CPU.ActiveCfg = Debug|Any CPU
		{EBC903FB-BFB5-467F-A240-7488E91DEAFA}.DebugLocalWin|Any CPU.Build.0 = Debug|Any CPU
		{EBC903FB-BFB5-467F-A240-7488E91DEAFA}.DebugServSql|Any CPU.ActiveCfg = Debug|Any CPU
		{EBC903FB-BFB5-467F-A240-7488E91DEAFA}.DebugServSql|Any CPU.Build.0 = Debug|Any CPU
		{EBC903FB-BFB5-467F-A240-7488E91DEAFA}.DebugServWin|Any CPU.ActiveCfg = Debug|Any CPU
		{EBC903FB-BFB5-467F-A240-7488E91DEAFA}.DebugServWin|Any CPU.Build.0 = Debug|Any CPU
		{EBC903FB-BFB5-467F-A240-7488E91DEAFA}.Release|Any CPU.ActiveCfg = Release|Any CPU
		{EBC903FB-BFB5-467F-A240-7488E91DEAFA}.Release|Any CPU.Build.0 = Release|Any CPU
		{9CBAFC1B-EB24-4B18-8926-083B38E17EB3}.Debug|Any CPU.ActiveCfg = Debug|Any CPU
		{9CBAFC1B-EB24-4B18-8926-083B38E17EB3}.Debug|Any CPU.Build.0 = Debug|Any CPU
		{9CBAFC1B-EB24-4B18-8926-083B38E17EB3}.DebugLocalSql|Any CPU.ActiveCfg = Debug|Any CPU
		{9CBAFC1B-EB24-4B18-8926-083B38E17EB3}.DebugLocalSql|Any CPU.Build.0 = Debug|Any CPU
		{9CBAFC1B-EB24-4B18-8926-083B38E17EB3}.DebugLocalWin|Any CPU.ActiveCfg = Debug|Any CPU
		{9CBAFC1B-EB24-4B18-8926-083B38E17EB3}.DebugLocalWin|Any CPU.Build.0 = Debug|Any CPU
		{9CBAFC1B-EB24-4B18-8926-083B38E17EB3}.DebugServSql|Any CPU.ActiveCfg = Debug|Any CPU
		{9CBAFC1B-EB24-4B18-8926-083B38E17EB3}.DebugServSql|Any CPU.Build.0 = Debug|Any CPU
		{9CBAFC1B-EB24-4B18-8926-083B38E17EB3}.DebugServWin|Any CPU.ActiveCfg = Debug|Any CPU
		{9CBAFC1B-EB24-4B18-8926-083B38E17EB3}.DebugServWin|Any CPU.Build.0 = Debug|Any CPU
		{9CBAFC1B-EB24-4B18-8926-083B38E17EB3}.Release|Any CPU.ActiveCfg = Release|Any CPU
		{9CBAFC1B-EB24-4B18-8926-083B38E17EB3}.Release|Any CPU.Build.0 = Release|Any CPU
		{BD32CFBF-042D-4632-BFC0-7A8ABCBF97A4}.Debug|Any CPU.ActiveCfg = Debug|Any CPU
		{BD32CFBF-042D-4632-BFC0-7A8ABCBF97A4}.Debug|Any CPU.Build.0 = Debug|Any CPU
		{BD32CFBF-042D-4632-BFC0-7A8ABCBF97A4}.DebugLocalSql|Any CPU.ActiveCfg = Debug|Any CPU
		{BD32CFBF-042D-4632-BFC0-7A8ABCBF97A4}.DebugLocalSql|Any CPU.Build.0 = Debug|Any CPU
		{BD32CFBF-042D-4632-BFC0-7A8ABCBF97A4}.DebugLocalWin|Any CPU.ActiveCfg = Debug|Any CPU
		{BD32CFBF-042D-4632-BFC0-7A8ABCBF97A4}.DebugLocalWin|Any CPU.Build.0 = Debug|Any CPU
		{BD32CFBF-042D-4632-BFC0-7A8ABCBF97A4}.DebugServSql|Any CPU.ActiveCfg = Debug|Any CPU
		{BD32CFBF-042D-4632-BFC0-7A8ABCBF97A4}.DebugServSql|Any CPU.Build.0 = Debug|Any CPU
		{BD32CFBF-042D-4632-BFC0-7A8ABCBF97A4}.DebugServWin|Any CPU.ActiveCfg = Debug|Any CPU
		{BD32CFBF-042D-4632-BFC0-7A8ABCBF97A4}.DebugServWin|Any CPU.Build.0 = Debug|Any CPU
		{BD32CFBF-042D-4632-BFC0-7A8ABCBF97A4}.Release|Any CPU.ActiveCfg = Release|Any CPU
		{BD32CFBF-042D-4632-BFC0-7A8ABCBF97A4}.Release|Any CPU.Build.0 = Release|Any CPU
		{760D7164-0EDC-4841-BFE6-BCDBBB8C79A4}.Debug|Any CPU.ActiveCfg = Debug|Any CPU
		{760D7164-0EDC-4841-BFE6-BCDBBB8C79A4}.Debug|Any CPU.Build.0 = Debug|Any CPU
		{760D7164-0EDC-4841-BFE6-BCDBBB8C79A4}.DebugLocalSql|Any CPU.ActiveCfg = Debug|Any CPU
		{760D7164-0EDC-4841-BFE6-BCDBBB8C79A4}.DebugLocalSql|Any CPU.Build.0 = Debug|Any CPU
		{760D7164-0EDC-4841-BFE6-BCDBBB8C79A4}.DebugLocalWin|Any CPU.ActiveCfg = Debug|Any CPU
		{760D7164-0EDC-4841-BFE6-BCDBBB8C79A4}.DebugLocalWin|Any CPU.Build.0 = Debug|Any CPU
		{760D7164-0EDC-4841-BFE6-BCDBBB8C79A4}.DebugServSql|Any CPU.ActiveCfg = Debug|Any CPU
		{760D7164-0EDC-4841-BFE6-BCDBBB8C79A4}.DebugServSql|Any CPU.Build.0 = Debug|Any CPU
		{760D7164-0EDC-4841-BFE6-BCDBBB8C79A4}.DebugServWin|Any CPU.ActiveCfg = Debug|Any CPU
		{760D7164-0EDC-4841-BFE6-BCDBBB8C79A4}.DebugServWin|Any CPU.Build.0 = Debug|Any CPU
		{760D7164-0EDC-4841-BFE6-BCDBBB8C79A4}.Release|Any CPU.ActiveCfg = Release|Any CPU
		{760D7164-0EDC-4841-BFE6-BCDBBB8C79A4}.Release|Any CPU.Build.0 = Release|Any CPU
		{6604F4E1-A737-498E-804B-6AD30FF08EB4}.Debug|Any CPU.ActiveCfg = Debug|Any CPU
		{6604F4E1-A737-498E-804B-6AD30FF08EB4}.Debug|Any CPU.Build.0 = Debug|Any CPU
		{6604F4E1-A737-498E-804B-6AD30FF08EB4}.DebugLocalSql|Any CPU.ActiveCfg = Debug|Any CPU
		{6604F4E1-A737-498E-804B-6AD30FF08EB4}.DebugLocalSql|Any CPU.Build.0 = Debug|Any CPU
		{6604F4E1-A737-498E-804B-6AD30FF08EB4}.DebugLocalWin|Any CPU.ActiveCfg = Debug|Any CPU
		{6604F4E1-A737-498E-804B-6AD30FF08EB4}.DebugLocalWin|Any CPU.Build.0 = Debug|Any CPU
		{6604F4E1-A737-498E-804B-6AD30FF08EB4}.DebugServSql|Any CPU.ActiveCfg = Debug|Any CPU
		{6604F4E1-A737-498E-804B-6AD30FF08EB4}.DebugServSql|Any CPU.Build.0 = Debug|Any CPU
		{6604F4E1-A737-498E-804B-6AD30FF08EB4}.DebugServWin|Any CPU.ActiveCfg = Debug|Any CPU
		{6604F4E1-A737-498E-804B-6AD30FF08EB4}.DebugServWin|Any CPU.Build.0 = Debug|Any CPU
		{6604F4E1-A737-498E-804B-6AD30FF08EB4}.Release|Any CPU.ActiveCfg = Release|Any CPU
		{6604F4E1-A737-498E-804B-6AD30FF08EB4}.Release|Any CPU.Build.0 = Release|Any CPU
	EndGlobalSection
	GlobalSection(SolutionProperties) = preSolution
		HideSolutionNode = FALSE
	EndGlobalSection
	GlobalSection(NestedProjects) = preSolution
		{9CBAFC1B-EB24-4B18-8926-083B38E17EB3} = {A05D8843-8187-4F6D-8FD7-7F9FFBCB9FB1}
		{BD32CFBF-042D-4632-BFC0-7A8ABCBF97A4} = {A05D8843-8187-4F6D-8FD7-7F9FFBCB9FB1}
		{760D7164-0EDC-4841-BFE6-BCDBBB8C79A4} = {A05D8843-8187-4F6D-8FD7-7F9FFBCB9FB1}
		{6604F4E1-A737-498E-804B-6AD30FF08EB4} = {A05D8843-8187-4F6D-8FD7-7F9FFBCB9FB1}
	EndGlobalSection
	GlobalSection(ExtensibilityGlobals) = postSolution
		SolutionGuid = {726BE303-0121-4922-A777-784A2294F30B}
	EndGlobalSection
EndGlobal
